
Microsoft Visual Studio Solution File, Format Version 12.00
# Visual Studio Version 17
VisualStudioVersion = 17.3.32929.385
MinimumVisualStudioVersion = 10.0.40219.1
Project("{FAE04EC0-301F-11D3-BF4B-00C04F79EFBC}") = "Cîrcu_Carina_Lab1", "Cîrcu_Carina_Lab1.csproj", "{9FF7C49E-4A1B-4E41-B0EB-EB79D2214AA4}"
EndProject
Global
	GlobalSection(SolutionConfigurationPlatforms) = preSolution
		Debug|Any CPU = Debug|Any CPU
		Release|Any CPU = Release|Any CPU
	EndGlobalSection
	GlobalSection(ProjectConfigurationPlatforms) = postSolution
		{9FF7C49E-4A1B-4E41-B0EB-EB79D2214AA4}.Debug|Any CPU.ActiveCfg = Debug|Any CPU
		{9FF7C49E-4A1B-4E41-B0EB-EB79D2214AA4}.Debug|Any CPU.Build.0 = Debug|Any CPU
		{9FF7C49E-4A1B-4E41-B0EB-EB79D2214AA4}.Release|Any CPU.ActiveCfg = Release|Any CPU
		{9FF7C49E-4A1B-4E41-B0EB-EB79D2214AA4}.Release|Any CPU.Build.0 = Release|Any CPU
	EndGlobalSection
	GlobalSection(SolutionProperties) = preSolution
		HideSolutionNode = FALSE
	EndGlobalSection
	GlobalSection(ExtensibilityGlobals) = postSolution
		SolutionGuid = {A3725E02-4747-4366-812A-828490F37101}
	EndGlobalSection
EndGlobal
